
Microsoft Visual Studio Solution File, Format Version 12.00
# Visual Studio 2013
VisualStudioVersion = 12.0.31101.0
MinimumVisualStudioVersion = 10.0.40219.1
Project("{FAE04EC0-301F-11D3-BF4B-00C04F79EFBC}") = "BellTowerEscape", "BellTowerEscape\BellTowerEscape.csproj", "{7FB52EC1-C084-469C-B53D-9C4F166A0F2E}"
EndProject
Project("{FAE04EC0-301F-11D3-BF4B-00C04F79EFBC}") = "BellTowerEscape.Tests", "BellTowerEscape.Tests\BellTowerEscape.Tests.csproj", "{C5DBF9BA-A761-4FBA-BA6C-26203ABB3FA3}"
EndProject
Project("{FAE04EC0-301F-11D3-BF4B-00C04F79EFBC}") = "CSharpAgent", "CSharpAgent\CSharpAgent.csproj", "{A39F7948-987B-44D5-9BBD-F8A5F2010C9C}"
EndProject
Global
	GlobalSection(SolutionConfigurationPlatforms) = preSolution
		Debug|Any CPU = Debug|Any CPU
		Release|Any CPU = Release|Any CPU
	EndGlobalSection
	GlobalSection(ProjectConfigurationPlatforms) = postSolution
		{7FB52EC1-C084-469C-B53D-9C4F166A0F2E}.Debug|Any CPU.ActiveCfg = Debug|Any CPU
		{7FB52EC1-C084-469C-B53D-9C4F166A0F2E}.Debug|Any CPU.Build.0 = Debug|Any CPU
		{7FB52EC1-C084-469C-B53D-9C4F166A0F2E}.Release|Any CPU.ActiveCfg = Release|Any CPU
		{7FB52EC1-C084-469C-B53D-9C4F166A0F2E}.Release|Any CPU.Build.0 = Release|Any CPU
		{C5DBF9BA-A761-4FBA-BA6C-26203ABB3FA3}.Debug|Any CPU.ActiveCfg = Debug|Any CPU
		{C5DBF9BA-A761-4FBA-BA6C-26203ABB3FA3}.Debug|Any CPU.Build.0 = Debug|Any CPU
		{C5DBF9BA-A761-4FBA-BA6C-26203ABB3FA3}.Release|Any CPU.ActiveCfg = Release|Any CPU
		{C5DBF9BA-A761-4FBA-BA6C-26203ABB3FA3}.Release|Any CPU.Build.0 = Release|Any CPU
		{A39F7948-987B-44D5-9BBD-F8A5F2010C9C}.Debug|Any CPU.ActiveCfg = Debug|Any CPU
		{A39F7948-987B-44D5-9BBD-F8A5F2010C9C}.Debug|Any CPU.Build.0 = Debug|Any CPU
		{A39F7948-987B-44D5-9BBD-F8A5F2010C9C}.Release|Any CPU.ActiveCfg = Release|Any CPU
		{A39F7948-987B-44D5-9BBD-F8A5F2010C9C}.Release|Any CPU.Build.0 = Release|Any CPU
	EndGlobalSection
	GlobalSection(SolutionProperties) = preSolution
		HideSolutionNode = FALSE
	EndGlobalSection
EndGlobal
